
Microsoft Visual Studio Solution File, Format Version 12.00
# Visual Studio 14
VisualStudioVersion = 14.0.25420.1
MinimumVisualStudioVersion = 10.0.40219.1
Project("{FAE04EC0-301F-11D3-BF4B-00C04F79EFBC}") = "CodedUIExample", "CodedUIExample\CodedUIExample.csproj", "{E2A461DF-C014-40BC-8669-5A8D9303F694}"
EndProject
Project("{2150E333-8FDC-42A3-9474-1A3956D46DE8}") = "Solution Items", "Solution Items", "{9F529F42-1FEA-4DBC-8965-C6BF2D915122}"
	ProjectSection(SolutionItems) = preProject
		readme.md = readme.md
	EndProjectSection
EndProject
Global
	GlobalSection(SolutionConfigurationPlatforms) = preSolution
		Debug|Any CPU = Debug|Any CPU
		Release|Any CPU = Release|Any CPU
	EndGlobalSection
	GlobalSection(ProjectConfigurationPlatforms) = postSolution
		{E2A461DF-C014-40BC-8669-5A8D9303F694}.Debug|Any CPU.ActiveCfg = Debug|Any CPU
		{E2A461DF-C014-40BC-8669-5A8D9303F694}.Debug|Any CPU.Build.0 = Debug|Any CPU
		{E2A461DF-C014-40BC-8669-5A8D9303F694}.Release|Any CPU.ActiveCfg = Release|Any CPU
		{E2A461DF-C014-40BC-8669-5A8D9303F694}.Release|Any CPU.Build.0 = Release|Any CPU
	EndGlobalSection
	GlobalSection(SolutionProperties) = preSolution
		HideSolutionNode = FALSE
	EndGlobalSection
EndGlobal
